
Microsoft Visual Studio Solution File, Format Version 12.00
# Visual Studio Version 17
VisualStudioVersion = 17.0.31903.59
MinimumVisualStudioVersion = 10.0.40219.1
Project("{FAE04EC0-301F-11D3-BF4B-00C04F79EFBC}") = "Fit.Application", "Fit.Application\Fit.Application.csproj", "{FE976362-F6FB-4C15-AC34-818E246CF334}"
EndProject
Project("{FAE04EC0-301F-11D3-BF4B-00C04F79EFBC}") = "Fit.Domain", "Fit.Domain\Fit.Domain.csproj", "{323E6B06-B48B-4AEB-8E21-3455595518F4}"
EndProject
Project("{FAE04EC0-301F-11D3-BF4B-00C04F79EFBC}") = "Fit.API", "Fit.API\Fit.API.csproj", "{2A112298-B1C9-4E00-8419-F10814229CCD}"
EndProject
Project("{FAE04EC0-301F-11D3-BF4B-00C04F79EFBC}") = "Fit.Persistence", "Fit.Persistence\Fit.Persistence.csproj", "{18854597-53EC-40F8-8FE9-FB073699ACD0}"
EndProject
Global
	GlobalSection(SolutionConfigurationPlatforms) = preSolution
		Debug|Any CPU = Debug|Any CPU
		Release|Any CPU = Release|Any CPU
	EndGlobalSection
	GlobalSection(SolutionProperties) = preSolution
		HideSolutionNode = FALSE
	EndGlobalSection
	GlobalSection(ProjectConfigurationPlatforms) = postSolution
		{FE976362-F6FB-4C15-AC34-818E246CF334}.Debug|Any CPU.ActiveCfg = Debug|Any CPU
		{FE976362-F6FB-4C15-AC34-818E246CF334}.Debug|Any CPU.Build.0 = Debug|Any CPU
		{FE976362-F6FB-4C15-AC34-818E246CF334}.Release|Any CPU.ActiveCfg = Release|Any CPU
		{FE976362-F6FB-4C15-AC34-818E246CF334}.Release|Any CPU.Build.0 = Release|Any CPU
		{323E6B06-B48B-4AEB-8E21-3455595518F4}.Debug|Any CPU.ActiveCfg = Debug|Any CPU
		{323E6B06-B48B-4AEB-8E21-3455595518F4}.Debug|Any CPU.Build.0 = Debug|Any CPU
		{323E6B06-B48B-4AEB-8E21-3455595518F4}.Release|Any CPU.ActiveCfg = Release|Any CPU
		{323E6B06-B48B-4AEB-8E21-3455595518F4}.Release|Any CPU.Build.0 = Release|Any CPU
		{2A112298-B1C9-4E00-8419-F10814229CCD}.Debug|Any CPU.ActiveCfg = Debug|Any CPU
		{2A112298-B1C9-4E00-8419-F10814229CCD}.Debug|Any CPU.Build.0 = Debug|Any CPU
		{2A112298-B1C9-4E00-8419-F10814229CCD}.Release|Any CPU.ActiveCfg = Release|Any CPU
		{2A112298-B1C9-4E00-8419-F10814229CCD}.Release|Any CPU.Build.0 = Release|Any CPU
		{18854597-53EC-40F8-8FE9-FB073699ACD0}.Debug|Any CPU.ActiveCfg = Debug|Any CPU
		{18854597-53EC-40F8-8FE9-FB073699ACD0}.Debug|Any CPU.Build.0 = Debug|Any CPU
		{18854597-53EC-40F8-8FE9-FB073699ACD0}.Release|Any CPU.ActiveCfg = Release|Any CPU
		{18854597-53EC-40F8-8FE9-FB073699ACD0}.Release|Any CPU.Build.0 = Release|Any CPU
	EndGlobalSection
EndGlobal
